
Microsoft Visual Studio Solution File, Format Version 12.00
# Visual Studio Version 16
VisualStudioVersion = 16.0.31515.178
MinimumVisualStudioVersion = 10.0.40219.1
Project("{9A19103F-16F7-4668-BE54-9A1E7A4F7556}") = "ContentNegotiation", "ContentNegotiation\ContentNegotiation.csproj", "{E40C97CC-A380-43A9-8048-FD692B490C41}"
EndProject
Global
	GlobalSection(SolutionConfigurationPlatforms) = preSolution
		Debug|Any CPU = Debug|Any CPU
		Release|Any CPU = Release|Any CPU
	EndGlobalSection
	GlobalSection(ProjectConfigurationPlatforms) = postSolution
		{E40C97CC-A380-43A9-8048-FD692B490C41}.Debug|Any CPU.ActiveCfg = Debug|Any CPU
		{E40C97CC-A380-43A9-8048-FD692B490C41}.Debug|Any CPU.Build.0 = Debug|Any CPU
		{E40C97CC-A380-43A9-8048-FD692B490C41}.Release|Any CPU.ActiveCfg = Release|Any CPU
		{E40C97CC-A380-43A9-8048-FD692B490C41}.Release|Any CPU.Build.0 = Release|Any CPU
	EndGlobalSection
	GlobalSection(SolutionProperties) = preSolution
		HideSolutionNode = FALSE
	EndGlobalSection
	GlobalSection(ExtensibilityGlobals) = postSolution
		SolutionGuid = {61AF8E75-AD5F-427A-85FE-3A2624DA585B}
	EndGlobalSection
EndGlobal
